<?xml version="1.0" encoding="UTF-8"?>
<Scheme
   LastUpgradeVersion = "0730"
   version = "1.3">
   <BuildAction
      parallelizeBuildables = "YES"
      buildImplicitDependencies = "YES">
      <BuildActionEntries>
         <BuildActionEntry
            buildForTesting = "YES"
            buildForRunning = "YES"
            buildForProfiling = "YES"
            buildForArchiving = "YES"
            buildForAnalyzing = "YES">
            <BuildableReference
               BuildableIdentifier = "primary"
               BlueprintIdentifier = "E2E15E9E1CC523C80054DA4F"
               BuildableName = "SwiftHTTPServer"
               BlueprintName = "SwiftHTTPServer"
               ReferencedContainer = "container:SwiftHTTPServer.xcodeproj">
            </BuildableReference>
         </BuildActionEntry>
         <BuildActionEntry
            buildForTesting = "YES"
            buildForRunning = "NO"
            buildForProfiling = "NO"
            buildForArchiving = "NO"
            buildForAnalyzing = "NO">
            <BuildableReference
               BuildableIdentifier = "primary"
               BlueprintIdentifier = "E2E15EAC1CC5240B0054DA4F"
               BuildableName = "SwiftHTTPServerTests.xctest"
               BlueprintName = "SwiftHTTPServerTests"
               ReferencedContainer = "container:SwiftHTTPServer.xcodeproj">
            </BuildableReference>
         </BuildActionEntry>
      </BuildActionEntries>
   </BuildAction>
   <TestAction
      buildConfiguration = "Debug"
      selectedDebuggerIdentifier = "Xcode.DebuggerFoundation.Debugger.LLDB"
      selectedLauncherIdentifier = "Xcode.DebuggerFoundation.Launcher.LLDB"
      shouldUseLaunchSchemeArgsEnv = "YES">
      <Testables>
         <TestableReference
            skipped = "NO">
            <BuildableReference
               BuildableIdentifier = "primary"
               BlueprintIdentifier = "E2E15EAC1CC5240B0054DA4F"
               BuildableName = "SwiftHTTPServerTests.xctest"
               BlueprintName = "SwiftHTTPServerTests"
               ReferencedContainer = "container:SwiftHTTPServer.xcodeproj">
            </BuildableReference>
         </TestableReference>
      </Testables>
      <MacroExpansion>
         <BuildableReference
            BuildableIdentifier = "primary"
            BlueprintIdentifier = "E2E15E9E1CC523C80054DA4F"
            BuildableName = "SwiftHTTPServer"
            BlueprintName = "SwiftHTTPServer"
            ReferencedContainer = "container:SwiftHTTPServer.xcodeproj">
         </BuildableReference>
      </MacroExpansion>
      <AdditionalOptions>
      </AdditionalOptions>
   </TestAction>
   <LaunchAction
      buildConfiguration = "Debug"
      selectedDebuggerIdentifier = "Xcode.DebuggerFoundation.Debugger.LLDB"
      selectedLauncherIdentifier = "Xcode.DebuggerFoundation.Launcher.LLDB"
      launchStyle = "0"
      useCustomWorkingDirectory = "NO"
      ignoresPersistentStateOnLaunch = "NO"
      debugDocumentVersioning = "YES"
      debugServiceExtension = "internal"
      allowLocationSimulation = "YES">
      <BuildableProductRunnable
         runnableDebuggingMode = "0">
         <BuildableReference
            BuildableIdentifier = "primary"
            BlueprintIdentifier = "E2E15E9E1CC523C80054DA4F"
            BuildableName = "SwiftHTTPServer"
            BlueprintName = "SwiftHTTPServer"
            ReferencedContainer = "container:SwiftHTTPServer.xcodeproj">
         </BuildableReference>
      </BuildableProductRunnable>
      <CommandLineArguments>
         <CommandLineArgument
            argument = "-p 5000 -d /Users/Tom/8thLight/Apprenticeship/SwiftHTTPServer/cob_spec/public"
            isEnabled = "YES">
         </CommandLineArgument>
      </CommandLineArguments>
      <AdditionalOptions>
      </AdditionalOptions>
   </LaunchAction>
   <ProfileAction
      buildConfiguration = "Release"
      shouldUseLaunchSchemeArgsEnv = "YES"
      savedToolIdentifier = ""
      useCustomWorkingDirectory = "NO"
      debugDocumentVersioning = "YES">
      <BuildableProductRunnable
         runnableDebuggingMode = "0">
         <BuildableReference
            BuildableIdentifier = "primary"
            BlueprintIdentifier = "E2E15E9E1CC523C80054DA4F"
            BuildableName = "SwiftHTTPServer"
            BlueprintName = "SwiftHTTPServer"
            ReferencedContainer = "container:SwiftHTTPServer.xcodeproj">
         </BuildableReference>
      </BuildableProductRunnable>
   </ProfileAction>
   <AnalyzeAction
      buildConfiguration = "Debug">
   </AnalyzeAction>
   <ArchiveAction
      buildConfiguration = "Release"
      revealArchiveInOrganizer = "YES">
   </ArchiveAction>
</Scheme>
