// !$*UTF8*$!
{
	archiveVersion = 1;
	classes = {
	};
	objectVersion = 46;
	objects = {

/* Begin PBXBuildFile section */
		E29B29E71CC83A4A00D60B87 /* Response.swift in Sources */ = {isa = PBXBuildFile; fileRef = E29B29E61CC83A4A00D60B87 /* Response.swift */; };
		E29B29E81CC83A4A00D60B87 /* Response.swift in Sources */ = {isa = PBXBuildFile; fileRef = E29B29E61CC83A4A00D60B87 /* Response.swift */; };
		E29B29EA1CCA841200D60B87 /* SwiftSocket.swift in Sources */ = {isa = PBXBuildFile; fileRef = E29B29E91CCA841200D60B87 /* SwiftSocket.swift */; };
		E29B29EB1CCA841200D60B87 /* SwiftSocket.swift in Sources */ = {isa = PBXBuildFile; fileRef = E29B29E91CCA841200D60B87 /* SwiftSocket.swift */; };
		E29B29ED1CCA865C00D60B87 /* SwiftSocketTests.swift in Sources */ = {isa = PBXBuildFile; fileRef = E29B29EC1CCA865C00D60B87 /* SwiftSocketTests.swift */; };
		E29B29EF1CCE60DB00D60B87 /* Router.swift in Sources */ = {isa = PBXBuildFile; fileRef = E29B29EE1CCE60DB00D60B87 /* Router.swift */; };
		E29B29F01CCE60DB00D60B87 /* Router.swift in Sources */ = {isa = PBXBuildFile; fileRef = E29B29EE1CCE60DB00D60B87 /* Router.swift */; };
		E29B29F41CCE61A400D60B87 /* RouterTests.swift in Sources */ = {isa = PBXBuildFile; fileRef = E29B29F31CCE61A400D60B87 /* RouterTests.swift */; };
		E29B29F61CCE74EE00D60B87 /* FormDataTests.swift in Sources */ = {isa = PBXBuildFile; fileRef = E29B29F51CCE74EE00D60B87 /* FormDataTests.swift */; };
		E29B938C1CC83907008AEED5 /* ResponseTests.swift in Sources */ = {isa = PBXBuildFile; fileRef = E29B938B1CC83907008AEED5 /* ResponseTests.swift */; };
		E2D9C1291CC7CF3900B7B5CB /* Request.swift in Sources */ = {isa = PBXBuildFile; fileRef = E2D9C1281CC7CF3900B7B5CB /* Request.swift */; };
		E2D9C12A1CC7CF3900B7B5CB /* Request.swift in Sources */ = {isa = PBXBuildFile; fileRef = E2D9C1281CC7CF3900B7B5CB /* Request.swift */; };
		E2D9C12F1CC7D08F00B7B5CB /* RequestTests.swift in Sources */ = {isa = PBXBuildFile; fileRef = E2D9C12E1CC7D08F00B7B5CB /* RequestTests.swift */; };
		E2E15EA31CC523C80054DA4F /* main.swift in Sources */ = {isa = PBXBuildFile; fileRef = E2E15EA21CC523C80054DA4F /* main.swift */; };
		E2E15EB01CC5240B0054DA4F /* SwiftHTTPServerTests.swift in Sources */ = {isa = PBXBuildFile; fileRef = E2E15EAF1CC5240B0054DA4F /* SwiftHTTPServerTests.swift */; };
		E2E15EB81CC524400054DA4F /* HttpServer.swift in Sources */ = {isa = PBXBuildFile; fileRef = E2E15EB71CC524400054DA4F /* HttpServer.swift */; };
		E2E15EB91CC524400054DA4F /* HttpServer.swift in Sources */ = {isa = PBXBuildFile; fileRef = E2E15EB71CC524400054DA4F /* HttpServer.swift */; };
		E2E15EBB1CC53D040054DA4F /* HTTPResponseHandler.swift in Sources */ = {isa = PBXBuildFile; fileRef = E2E15EBA1CC53D040054DA4F /* HTTPResponseHandler.swift */; };
		E2E15EBC1CC53D040054DA4F /* HTTPResponseHandler.swift in Sources */ = {isa = PBXBuildFile; fileRef = E2E15EBA1CC53D040054DA4F /* HTTPResponseHandler.swift */; };
		E2E92FBB1CC68701003C2757 /* HTTPResponseGenerator.swift in Sources */ = {isa = PBXBuildFile; fileRef = E2E92FBA1CC68701003C2757 /* HTTPResponseGenerator.swift */; };
		E2E92FBC1CC68701003C2757 /* HTTPResponseGenerator.swift in Sources */ = {isa = PBXBuildFile; fileRef = E2E92FBA1CC68701003C2757 /* HTTPResponseGenerator.swift */; };
		E2E92FBE1CC6933A003C2757 /* FormData.swift in Sources */ = {isa = PBXBuildFile; fileRef = E2E92FBD1CC6933A003C2757 /* FormData.swift */; };
		E2E92FBF1CC6933A003C2757 /* FormData.swift in Sources */ = {isa = PBXBuildFile; fileRef = E2E92FBD1CC6933A003C2757 /* FormData.swift */; };
/* End PBXBuildFile section */

/* Begin PBXCopyFilesBuildPhase section */
		E2E15E9D1CC523C80054DA4F /* CopyFiles */ = {
			isa = PBXCopyFilesBuildPhase;
			buildActionMask = 2147483647;
			dstPath = /usr/share/man/man1/;
			dstSubfolderSpec = 0;
			files = (
			);
			runOnlyForDeploymentPostprocessing = 1;
		};
/* End PBXCopyFilesBuildPhase section */

/* Begin PBXFileReference section */
		E29B29E61CC83A4A00D60B87 /* Response.swift */ = {isa = PBXFileReference; fileEncoding = 4; lastKnownFileType = sourcecode.swift; path = Response.swift; sourceTree = "<group>"; };
		E29B29E91CCA841200D60B87 /* SwiftSocket.swift */ = {isa = PBXFileReference; fileEncoding = 4; lastKnownFileType = sourcecode.swift; path = SwiftSocket.swift; sourceTree = "<group>"; };
		E29B29EC1CCA865C00D60B87 /* SwiftSocketTests.swift */ = {isa = PBXFileReference; fileEncoding = 4; lastKnownFileType = sourcecode.swift; path = SwiftSocketTests.swift; sourceTree = "<group>"; };
		E29B29EE1CCE60DB00D60B87 /* Router.swift */ = {isa = PBXFileReference; fileEncoding = 4; lastKnownFileType = sourcecode.swift; path = Router.swift; sourceTree = "<group>"; };
		E29B29F31CCE61A400D60B87 /* RouterTests.swift */ = {isa = PBXFileReference; fileEncoding = 4; lastKnownFileType = sourcecode.swift; path = RouterTests.swift; sourceTree = "<group>"; };
		E29B29F51CCE74EE00D60B87 /* FormDataTests.swift */ = {isa = PBXFileReference; fileEncoding = 4; lastKnownFileType = sourcecode.swift; path = FormDataTests.swift; sourceTree = "<group>"; };
		E29B938B1CC83907008AEED5 /* ResponseTests.swift */ = {isa = PBXFileReference; fileEncoding = 4; lastKnownFileType = sourcecode.swift; path = ResponseTests.swift; sourceTree = "<group>"; };
		E2D9C1281CC7CF3900B7B5CB /* Request.swift */ = {isa = PBXFileReference; fileEncoding = 4; lastKnownFileType = sourcecode.swift; path = Request.swift; sourceTree = "<group>"; };
		E2D9C12E1CC7D08F00B7B5CB /* RequestTests.swift */ = {isa = PBXFileReference; fileEncoding = 4; lastKnownFileType = sourcecode.swift; path = RequestTests.swift; sourceTree = "<group>"; };
		E2E15E9F1CC523C80054DA4F /* SwiftHTTPServer */ = {isa = PBXFileReference; explicitFileType = "compiled.mach-o.executable"; includeInIndex = 0; path = SwiftHTTPServer; sourceTree = BUILT_PRODUCTS_DIR; };
		E2E15EA21CC523C80054DA4F /* main.swift */ = {isa = PBXFileReference; lastKnownFileType = sourcecode.swift; path = main.swift; sourceTree = "<group>"; };
		E2E15EAD1CC5240B0054DA4F /* SwiftHTTPServerTests.xctest */ = {isa = PBXFileReference; explicitFileType = wrapper.cfbundle; includeInIndex = 0; path = SwiftHTTPServerTests.xctest; sourceTree = BUILT_PRODUCTS_DIR; };
		E2E15EAF1CC5240B0054DA4F /* SwiftHTTPServerTests.swift */ = {isa = PBXFileReference; lastKnownFileType = sourcecode.swift; path = SwiftHTTPServerTests.swift; sourceTree = "<group>"; };
		E2E15EB11CC5240B0054DA4F /* Info.plist */ = {isa = PBXFileReference; lastKnownFileType = text.plist.xml; path = Info.plist; sourceTree = "<group>"; };
		E2E15EB71CC524400054DA4F /* HttpServer.swift */ = {isa = PBXFileReference; fileEncoding = 4; lastKnownFileType = sourcecode.swift; path = HttpServer.swift; sourceTree = "<group>"; };
		E2E15EBA1CC53D040054DA4F /* HTTPResponseHandler.swift */ = {isa = PBXFileReference; fileEncoding = 4; lastKnownFileType = sourcecode.swift; path = HTTPResponseHandler.swift; sourceTree = "<group>"; };
		E2E92FBA1CC68701003C2757 /* HTTPResponseGenerator.swift */ = {isa = PBXFileReference; fileEncoding = 4; lastKnownFileType = sourcecode.swift; path = HTTPResponseGenerator.swift; sourceTree = "<group>"; };
		E2E92FBD1CC6933A003C2757 /* FormData.swift */ = {isa = PBXFileReference; fileEncoding = 4; lastKnownFileType = sourcecode.swift; path = FormData.swift; sourceTree = "<group>"; };
/* End PBXFileReference section */

/* Begin PBXFrameworksBuildPhase section */
		E2E15E9C1CC523C80054DA4F /* Frameworks */ = {
			isa = PBXFrameworksBuildPhase;
			buildActionMask = 2147483647;
			files = (
			);
			runOnlyForDeploymentPostprocessing = 0;
		};
		E2E15EAA1CC5240B0054DA4F /* Frameworks */ = {
			isa = PBXFrameworksBuildPhase;
			buildActionMask = 2147483647;
			files = (
			);
			runOnlyForDeploymentPostprocessing = 0;
		};
/* End PBXFrameworksBuildPhase section */

/* Begin PBXGroup section */
		E2E15E961CC523C80054DA4F = {
			isa = PBXGroup;
			children = (
				E2E15EA11CC523C80054DA4F /* SwiftHTTPServer */,
				E2E15EAE1CC5240B0054DA4F /* SwiftHTTPServerTests */,
				E2E15EA01CC523C80054DA4F /* Products */,
			);
			sourceTree = "<group>";
		};
		E2E15EA01CC523C80054DA4F /* Products */ = {
			isa = PBXGroup;
			children = (
				E2E15E9F1CC523C80054DA4F /* SwiftHTTPServer */,
				E2E15EAD1CC5240B0054DA4F /* SwiftHTTPServerTests.xctest */,
			);
			name = Products;
			sourceTree = "<group>";
		};
		E2E15EA11CC523C80054DA4F /* SwiftHTTPServer */ = {
			isa = PBXGroup;
			children = (
				E2E15EA21CC523C80054DA4F /* main.swift */,
				E2E15EB71CC524400054DA4F /* HttpServer.swift */,
				E2E15EBA1CC53D040054DA4F /* HTTPResponseHandler.swift */,
				E2E92FBA1CC68701003C2757 /* HTTPResponseGenerator.swift */,
				E2E92FBD1CC6933A003C2757 /* FormData.swift */,
				E2D9C1281CC7CF3900B7B5CB /* Request.swift */,
				E29B29E61CC83A4A00D60B87 /* Response.swift */,
				E29B29E91CCA841200D60B87 /* SwiftSocket.swift */,
				E29B29EE1CCE60DB00D60B87 /* Router.swift */,
			);
			path = SwiftHTTPServer;
			sourceTree = "<group>";
		};
		E2E15EAE1CC5240B0054DA4F /* SwiftHTTPServerTests */ = {
			isa = PBXGroup;
			children = (
				E2E15EAF1CC5240B0054DA4F /* SwiftHTTPServerTests.swift */,
				E2E15EB11CC5240B0054DA4F /* Info.plist */,
				E2D9C12E1CC7D08F00B7B5CB /* RequestTests.swift */,
				E29B938B1CC83907008AEED5 /* ResponseTests.swift */,
				E29B29EC1CCA865C00D60B87 /* SwiftSocketTests.swift */,
				E29B29F31CCE61A400D60B87 /* RouterTests.swift */,
				E29B29F51CCE74EE00D60B87 /* FormDataTests.swift */,
			);
			path = SwiftHTTPServerTests;
			sourceTree = "<group>";
		};
/* End PBXGroup section */

/* Begin PBXNativeTarget section */
		E2E15E9E1CC523C80054DA4F /* SwiftHTTPServer */ = {
			isa = PBXNativeTarget;
			buildConfigurationList = E2E15EA61CC523C80054DA4F /* Build configuration list for PBXNativeTarget "SwiftHTTPServer" */;
			buildPhases = (
				E2E15E9B1CC523C80054DA4F /* Sources */,
				E2E15E9C1CC523C80054DA4F /* Frameworks */,
				E2E15E9D1CC523C80054DA4F /* CopyFiles */,
			);
			buildRules = (
			);
			dependencies = (
			);
			name = SwiftHTTPServer;
			productName = SwiftHTTPServer;
			productReference = E2E15E9F1CC523C80054DA4F /* SwiftHTTPServer */;
			productType = "com.apple.product-type.tool";
		};
		E2E15EAC1CC5240B0054DA4F /* SwiftHTTPServerTests */ = {
			isa = PBXNativeTarget;
			buildConfigurationList = E2E15EB21CC5240B0054DA4F /* Build configuration list for PBXNativeTarget "SwiftHTTPServerTests" */;
			buildPhases = (
				E2E15EA91CC5240B0054DA4F /* Sources */,
				E2E15EAA1CC5240B0054DA4F /* Frameworks */,
				E2E15EAB1CC5240B0054DA4F /* Resources */,
			);
			buildRules = (
			);
			dependencies = (
			);
			name = SwiftHTTPServerTests;
			productName = SwiftHTTPServerTests;
			productReference = E2E15EAD1CC5240B0054DA4F /* SwiftHTTPServerTests.xctest */;
			productType = "com.apple.product-type.bundle.unit-test";
		};
/* End PBXNativeTarget section */

/* Begin PBXProject section */
		E2E15E971CC523C80054DA4F /* Project object */ = {
			isa = PBXProject;
			attributes = {
				LastSwiftUpdateCheck = 0730;
				LastUpgradeCheck = 0730;
				ORGANIZATIONNAME = "Tom McGee";
				TargetAttributes = {
					E2E15E9E1CC523C80054DA4F = {
						CreatedOnToolsVersion = 7.3;
					};
					E2E15EAC1CC5240B0054DA4F = {
						CreatedOnToolsVersion = 7.3;
					};
				};
			};
			buildConfigurationList = E2E15E9A1CC523C80054DA4F /* Build configuration list for PBXProject "SwiftHTTPServer" */;
			compatibilityVersion = "Xcode 3.2";
			developmentRegion = English;
			hasScannedForEncodings = 0;
			knownRegions = (
				en,
			);
			mainGroup = E2E15E961CC523C80054DA4F;
			productRefGroup = E2E15EA01CC523C80054DA4F /* Products */;
			projectDirPath = "";
			projectRoot = "";
			targets = (
				E2E15E9E1CC523C80054DA4F /* SwiftHTTPServer */,
				E2E15EAC1CC5240B0054DA4F /* SwiftHTTPServerTests */,
			);
		};
/* End PBXProject section */

/* Begin PBXResourcesBuildPhase section */
		E2E15EAB1CC5240B0054DA4F /* Resources */ = {
			isa = PBXResourcesBuildPhase;
			buildActionMask = 2147483647;
			files = (
			);
			runOnlyForDeploymentPostprocessing = 0;
		};
/* End PBXResourcesBuildPhase section */

/* Begin PBXSourcesBuildPhase section */
		E2E15E9B1CC523C80054DA4F /* Sources */ = {
			isa = PBXSourcesBuildPhase;
			buildActionMask = 2147483647;
			files = (
				E2E92FBB1CC68701003C2757 /* HTTPResponseGenerator.swift in Sources */,
				E2D9C1291CC7CF3900B7B5CB /* Request.swift in Sources */,
				E29B29EA1CCA841200D60B87 /* SwiftSocket.swift in Sources */,
				E2E15EB81CC524400054DA4F /* HttpServer.swift in Sources */,
				E29B29EF1CCE60DB00D60B87 /* Router.swift in Sources */,
				E2E15EA31CC523C80054DA4F /* main.swift in Sources */,
				E2E92FBE1CC6933A003C2757 /* FormData.swift in Sources */,
				E2E15EBB1CC53D040054DA4F /* HTTPResponseHandler.swift in Sources */,
				E29B29E71CC83A4A00D60B87 /* Response.swift in Sources */,
			);
			runOnlyForDeploymentPostprocessing = 0;
		};
		E2E15EA91CC5240B0054DA4F /* Sources */ = {
			isa = PBXSourcesBuildPhase;
			buildActionMask = 2147483647;
			files = (
				E29B29EB1CCA841200D60B87 /* SwiftSocket.swift in Sources */,
				E29B938C1CC83907008AEED5 /* ResponseTests.swift in Sources */,
				E29B29ED1CCA865C00D60B87 /* SwiftSocketTests.swift in Sources */,
				E2E15EB91CC524400054DA4F /* HttpServer.swift in Sources */,
				E29B29F01CCE60DB00D60B87 /* Router.swift in Sources */,
				E29B29F61CCE74EE00D60B87 /* FormDataTests.swift in Sources */,
				E2D9C12F1CC7D08F00B7B5CB /* RequestTests.swift in Sources */,
				E2E15EB01CC5240B0054DA4F /* SwiftHTTPServerTests.swift in Sources */,
				E29B29E81CC83A4A00D60B87 /* Response.swift in Sources */,
				E2E92FBC1CC68701003C2757 /* HTTPResponseGenerator.swift in Sources */,
				E2D9C12A1CC7CF3900B7B5CB /* Request.swift in Sources */,
				E29B29F41CCE61A400D60B87 /* RouterTests.swift in Sources */,
				E2E15EBC1CC53D040054DA4F /* HTTPResponseHandler.swift in Sources */,
				E2E92FBF1CC6933A003C2757 /* FormData.swift in Sources */,
			);
			runOnlyForDeploymentPostprocessing = 0;
		};
/* End PBXSourcesBuildPhase section */

/* Begin XCBuildConfiguration section */
		E2E15EA41CC523C80054DA4F /* Debug */ = {
			isa = XCBuildConfiguration;
			buildSettings = {
				ALWAYS_SEARCH_USER_PATHS = NO;
				CLANG_ANALYZER_NONNULL = YES;
				CLANG_CXX_LANGUAGE_STANDARD = "gnu++0x";
				CLANG_CXX_LIBRARY = "libc++";
				CLANG_ENABLE_MODULES = YES;
				CLANG_ENABLE_OBJC_ARC = YES;
				CLANG_WARN_BOOL_CONVERSION = YES;
				CLANG_WARN_CONSTANT_CONVERSION = YES;
				CLANG_WARN_DIRECT_OBJC_ISA_USAGE = YES_ERROR;
				CLANG_WARN_EMPTY_BODY = YES;
				CLANG_WARN_ENUM_CONVERSION = YES;
				CLANG_WARN_INT_CONVERSION = YES;
				CLANG_WARN_OBJC_ROOT_CLASS = YES_ERROR;
				CLANG_WARN_UNREACHABLE_CODE = YES;
				CLANG_WARN__DUPLICATE_METHOD_MATCH = YES;
				CODE_SIGN_IDENTITY = "-";
				COPY_PHASE_STRIP = NO;
				DEBUG_INFORMATION_FORMAT = dwarf;
				ENABLE_STRICT_OBJC_MSGSEND = YES;
				ENABLE_TESTABILITY = YES;
				GCC_C_LANGUAGE_STANDARD = gnu99;
				GCC_DYNAMIC_NO_PIC = NO;
				GCC_NO_COMMON_BLOCKS = YES;
				GCC_OPTIMIZATION_LEVEL = 0;
				GCC_PREPROCESSOR_DEFINITIONS = (
					"DEBUG=1",
					"$(inherited)",
				);
				GCC_WARN_64_TO_32_BIT_CONVERSION = YES;
				GCC_WARN_ABOUT_RETURN_TYPE = YES_ERROR;
				GCC_WARN_UNDECLARED_SELECTOR = YES;
				GCC_WARN_UNINITIALIZED_AUTOS = YES_AGGRESSIVE;
				GCC_WARN_UNUSED_FUNCTION = YES;
				GCC_WARN_UNUSED_VARIABLE = YES;
				MACOSX_DEPLOYMENT_TARGET = 10.11;
				MTL_ENABLE_DEBUG_INFO = YES;
				ONLY_ACTIVE_ARCH = YES;
				SDKROOT = macosx;
				SWIFT_OPTIMIZATION_LEVEL = "-Onone";
			};
			name = Debug;
		};
		E2E15EA51CC523C80054DA4F /* Release */ = {
			isa = XCBuildConfiguration;
			buildSettings = {
				ALWAYS_SEARCH_USER_PATHS = NO;
				CLANG_ANALYZER_NONNULL = YES;
				CLANG_CXX_LANGUAGE_STANDARD = "gnu++0x";
				CLANG_CXX_LIBRARY = "libc++";
				CLANG_ENABLE_MODULES = YES;
				CLANG_ENABLE_OBJC_ARC = YES;
				CLANG_WARN_BOOL_CONVERSION = YES;
				CLANG_WARN_CONSTANT_CONVERSION = YES;
				CLANG_WARN_DIRECT_OBJC_ISA_USAGE = YES_ERROR;
				CLANG_WARN_EMPTY_BODY = YES;
				CLANG_WARN_ENUM_CONVERSION = YES;
				CLANG_WARN_INT_CONVERSION = YES;
				CLANG_WARN_OBJC_ROOT_CLASS = YES_ERROR;
				CLANG_WARN_UNREACHABLE_CODE = YES;
				CLANG_WARN__DUPLICATE_METHOD_MATCH = YES;
				CODE_SIGN_IDENTITY = "-";
				COPY_PHASE_STRIP = NO;
				DEBUG_INFORMATION_FORMAT = "dwarf-with-dsym";
				ENABLE_NS_ASSERTIONS = NO;
				ENABLE_STRICT_OBJC_MSGSEND = YES;
				GCC_C_LANGUAGE_STANDARD = gnu99;
				GCC_NO_COMMON_BLOCKS = YES;
				GCC_WARN_64_TO_32_BIT_CONVERSION = YES;
				GCC_WARN_ABOUT_RETURN_TYPE = YES_ERROR;
				GCC_WARN_UNDECLARED_SELECTOR = YES;
				GCC_WARN_UNINITIALIZED_AUTOS = YES_AGGRESSIVE;
				GCC_WARN_UNUSED_FUNCTION = YES;
				GCC_WARN_UNUSED_VARIABLE = YES;
				MACOSX_DEPLOYMENT_TARGET = 10.11;
				MTL_ENABLE_DEBUG_INFO = NO;
				SDKROOT = macosx;
			};
			name = Release;
		};
		E2E15EA71CC523C80054DA4F /* Debug */ = {
			isa = XCBuildConfiguration;
			buildSettings = {
				PRODUCT_NAME = "$(TARGET_NAME)";
			};
			name = Debug;
		};
		E2E15EA81CC523C80054DA4F /* Release */ = {
			isa = XCBuildConfiguration;
			buildSettings = {
				PRODUCT_NAME = "$(TARGET_NAME)";
			};
			name = Release;
		};
		E2E15EB31CC5240B0054DA4F /* Debug */ = {
			isa = XCBuildConfiguration;
			buildSettings = {
				COMBINE_HIDPI_IMAGES = YES;
				INFOPLIST_FILE = SwiftHTTPServerTests/Info.plist;
				LD_RUNPATH_SEARCH_PATHS = "$(inherited) @executable_path/../Frameworks @loader_path/../Frameworks";
				PRODUCT_BUNDLE_IDENTIFIER = tcmcgee.SwiftHTTPServerTests;
				PRODUCT_NAME = "$(TARGET_NAME)";
			};
			name = Debug;
		};
		E2E15EB41CC5240B0054DA4F /* Release */ = {
			isa = XCBuildConfiguration;
			buildSettings = {
				COMBINE_HIDPI_IMAGES = YES;
				INFOPLIST_FILE = SwiftHTTPServerTests/Info.plist;
				LD_RUNPATH_SEARCH_PATHS = "$(inherited) @executable_path/../Frameworks @loader_path/../Frameworks";
				PRODUCT_BUNDLE_IDENTIFIER = tcmcgee.SwiftHTTPServerTests;
				PRODUCT_NAME = "$(TARGET_NAME)";
			};
			name = Release;
		};
/* End XCBuildConfiguration section */

/* Begin XCConfigurationList section */
		E2E15E9A1CC523C80054DA4F /* Build configuration list for PBXProject "SwiftHTTPServer" */ = {
			isa = XCConfigurationList;
			buildConfigurations = (
				E2E15EA41CC523C80054DA4F /* Debug */,
				E2E15EA51CC523C80054DA4F /* Release */,
			);
			defaultConfigurationIsVisible = 0;
			defaultConfigurationName = Release;
		};
		E2E15EA61CC523C80054DA4F /* Build configuration list for PBXNativeTarget "SwiftHTTPServer" */ = {
			isa = XCConfigurationList;
			buildConfigurations = (
				E2E15EA71CC523C80054DA4F /* Debug */,
				E2E15EA81CC523C80054DA4F /* Release */,
			);
			defaultConfigurationIsVisible = 0;
			defaultConfigurationName = Release;
		};
		E2E15EB21CC5240B0054DA4F /* Build configuration list for PBXNativeTarget "SwiftHTTPServerTests" */ = {
			isa = XCConfigurationList;
			buildConfigurations = (
				E2E15EB31CC5240B0054DA4F /* Debug */,
				E2E15EB41CC5240B0054DA4F /* Release */,
			);
			defaultConfigurationIsVisible = 0;
			defaultConfigurationName = Release;
		};
/* End XCConfigurationList section */
	};
	rootObject = E2E15E971CC523C80054DA4F /* Project object */;
}
